
Microsoft Visual Studio Solution File, Format Version 12.00
# Visual Studio 2013
VisualStudioVersion = 12.0.21005.1
MinimumVisualStudioVersion = 10.0.40219.1
Project("{8BC9CEB8-8B4A-11D0-8D11-00A0C91BC942}") = "TestFastIPCServer", "TestFastIPCServer\TestFastIPCServer.vcxproj", "{930A4E3B-214C-4017-B3EC-FA5733082B17}"
EndProject
Project("{8BC9CEB8-8B4A-11D0-8D11-00A0C91BC942}") = "TestFastIPCClient", "TestFastIPCClient\TestFastIPCClient.vcxproj", "{B948DDC6-937F-4DF0-8960-DD77B678B67E}"
EndProject
Project("{8BC9CEB8-8B4A-11D0-8D11-00A0C91BC942}") = "FastIPC", "FastIPC\FastIPC.vcxproj", "{6BD8E842-723A-47BA-83A4-FA357465DC13}"
EndProject
Project("{8BC9CEB8-8B4A-11D0-8D11-00A0C91BC942}") = "FastIPC_JNI", "FastIPC_JNI\FastIPC_JNI.vcxproj", "{759C69A5-2A94-48FF-B227-4C084A493C0C}"
EndProject
Project("{8BC9CEB8-8B4A-11D0-8D11-00A0C91BC942}") = "FastIPC_CSharp", "FastIPC_CSharp\FastIPC_CSharp.vcxproj", "{FDE79515-195F-4C3F-98EB-FB9D47839D9D}"
EndProject
Project("{FAE04EC0-301F-11D3-BF4B-00C04F79EFBC}") = "FastIPC_CSharp_Lib", "FastIPC_CSharp_Lib\FastIPC_CSharp_Lib.csproj", "{4E55FA19-3BAB-4229-8819-9EA7873A5E90}"
EndProject
Project("{FAE04EC0-301F-11D3-BF4B-00C04F79EFBC}") = "FastIPC_CSharp_Demo", "FastIPC_CSharp_Demo\FastIPC_CSharp_Demo.csproj", "{F54DAD0F-570F-45E9-8F9C-61A3BCC4476D}"
EndProject
Global
	GlobalSection(SolutionConfigurationPlatforms) = preSolution
		Debug|Any CPU = Debug|Any CPU
		Debug|Mixed Platforms = Debug|Mixed Platforms
		Debug|Win32 = Debug|Win32
		Release|Any CPU = Release|Any CPU
		Release|Mixed Platforms = Release|Mixed Platforms
		Release|Win32 = Release|Win32
		发布版本|Any CPU = 发布版本|Any CPU
		发布版本|Mixed Platforms = 发布版本|Mixed Platforms
		发布版本|Win32 = 发布版本|Win32
	EndGlobalSection
	GlobalSection(ProjectConfigurationPlatforms) = postSolution
		{930A4E3B-214C-4017-B3EC-FA5733082B17}.Debug|Any CPU.ActiveCfg = Debug|Win32
		{930A4E3B-214C-4017-B3EC-FA5733082B17}.Debug|Mixed Platforms.ActiveCfg = Debug|Win32
		{930A4E3B-214C-4017-B3EC-FA5733082B17}.Debug|Mixed Platforms.Build.0 = Debug|Win32
		{930A4E3B-214C-4017-B3EC-FA5733082B17}.Debug|Win32.ActiveCfg = Debug|Win32
		{930A4E3B-214C-4017-B3EC-FA5733082B17}.Debug|Win32.Build.0 = Debug|Win32
		{930A4E3B-214C-4017-B3EC-FA5733082B17}.Release|Any CPU.ActiveCfg = Release|Win32
		{930A4E3B-214C-4017-B3EC-FA5733082B17}.Release|Mixed Platforms.ActiveCfg = Release|Win32
		{930A4E3B-214C-4017-B3EC-FA5733082B17}.Release|Mixed Platforms.Build.0 = Release|Win32
		{930A4E3B-214C-4017-B3EC-FA5733082B17}.Release|Win32.ActiveCfg = Release|Win32
		{930A4E3B-214C-4017-B3EC-FA5733082B17}.Release|Win32.Build.0 = Release|Win32
		{930A4E3B-214C-4017-B3EC-FA5733082B17}.发布版本|Any CPU.ActiveCfg = Release|Win32
		{930A4E3B-214C-4017-B3EC-FA5733082B17}.发布版本|Mixed Platforms.ActiveCfg = Release|Win32
		{930A4E3B-214C-4017-B3EC-FA5733082B17}.发布版本|Mixed Platforms.Build.0 = Release|Win32
		{930A4E3B-214C-4017-B3EC-FA5733082B17}.发布版本|Win32.ActiveCfg = Release|Win32
		{930A4E3B-214C-4017-B3EC-FA5733082B17}.发布版本|Win32.Build.0 = Release|Win32
		{B948DDC6-937F-4DF0-8960-DD77B678B67E}.Debug|Any CPU.ActiveCfg = Debug|Win32
		{B948DDC6-937F-4DF0-8960-DD77B678B67E}.Debug|Mixed Platforms.ActiveCfg = Debug|Win32
		{B948DDC6-937F-4DF0-8960-DD77B678B67E}.Debug|Mixed Platforms.Build.0 = Debug|Win32
		{B948DDC6-937F-4DF0-8960-DD77B678B67E}.Debug|Win32.ActiveCfg = Debug|Win32
		{B948DDC6-937F-4DF0-8960-DD77B678B67E}.Debug|Win32.Build.0 = Debug|Win32
		{B948DDC6-937F-4DF0-8960-DD77B678B67E}.Release|Any CPU.ActiveCfg = Release|Win32
		{B948DDC6-937F-4DF0-8960-DD77B678B67E}.Release|Mixed Platforms.ActiveCfg = Release|Win32
		{B948DDC6-937F-4DF0-8960-DD77B678B67E}.Release|Mixed Platforms.Build.0 = Release|Win32
		{B948DDC6-937F-4DF0-8960-DD77B678B67E}.Release|Win32.ActiveCfg = Release|Win32
		{B948DDC6-937F-4DF0-8960-DD77B678B67E}.Release|Win32.Build.0 = Release|Win32
		{B948DDC6-937F-4DF0-8960-DD77B678B67E}.发布版本|Any CPU.ActiveCfg = Release|Win32
		{B948DDC6-937F-4DF0-8960-DD77B678B67E}.发布版本|Mixed Platforms.ActiveCfg = Release|Win32
		{B948DDC6-937F-4DF0-8960-DD77B678B67E}.发布版本|Mixed Platforms.Build.0 = Release|Win32
		{B948DDC6-937F-4DF0-8960-DD77B678B67E}.发布版本|Win32.ActiveCfg = Release|Win32
		{B948DDC6-937F-4DF0-8960-DD77B678B67E}.发布版本|Win32.Build.0 = Release|Win32
		{6BD8E842-723A-47BA-83A4-FA357465DC13}.Debug|Any CPU.ActiveCfg = Debug|Win32
		{6BD8E842-723A-47BA-83A4-FA357465DC13}.Debug|Mixed Platforms.ActiveCfg = Debug|Win32
		{6BD8E842-723A-47BA-83A4-FA357465DC13}.Debug|Mixed Platforms.Build.0 = Debug|Win32
		{6BD8E842-723A-47BA-83A4-FA357465DC13}.Debug|Win32.ActiveCfg = Debug|Win32
		{6BD8E842-723A-47BA-83A4-FA357465DC13}.Debug|Win32.Build.0 = Debug|Win32
		{6BD8E842-723A-47BA-83A4-FA357465DC13}.Release|Any CPU.ActiveCfg = Release|Win32
		{6BD8E842-723A-47BA-83A4-FA357465DC13}.Release|Mixed Platforms.ActiveCfg = Release|Win32
		{6BD8E842-723A-47BA-83A4-FA357465DC13}.Release|Mixed Platforms.Build.0 = Release|Win32
		{6BD8E842-723A-47BA-83A4-FA357465DC13}.Release|Win32.ActiveCfg = Release|Win32
		{6BD8E842-723A-47BA-83A4-FA357465DC13}.Release|Win32.Build.0 = Release|Win32
		{6BD8E842-723A-47BA-83A4-FA357465DC13}.发布版本|Any CPU.ActiveCfg = Release|Win32
		{6BD8E842-723A-47BA-83A4-FA357465DC13}.发布版本|Mixed Platforms.ActiveCfg = Release|Win32
		{6BD8E842-723A-47BA-83A4-FA357465DC13}.发布版本|Mixed Platforms.Build.0 = Release|Win32
		{6BD8E842-723A-47BA-83A4-FA357465DC13}.发布版本|Win32.ActiveCfg = Release|Win32
		{6BD8E842-723A-47BA-83A4-FA357465DC13}.发布版本|Win32.Build.0 = Release|Win32
		{759C69A5-2A94-48FF-B227-4C084A493C0C}.Debug|Any CPU.ActiveCfg = Debug|Win32
		{759C69A5-2A94-48FF-B227-4C084A493C0C}.Debug|Mixed Platforms.ActiveCfg = Debug|Win32
		{759C69A5-2A94-48FF-B227-4C084A493C0C}.Debug|Mixed Platforms.Build.0 = Debug|Win32
		{759C69A5-2A94-48FF-B227-4C084A493C0C}.Debug|Win32.ActiveCfg = Debug|Win32
		{759C69A5-2A94-48FF-B227-4C084A493C0C}.Debug|Win32.Build.0 = Debug|Win32
		{759C69A5-2A94-48FF-B227-4C084A493C0C}.Release|Any CPU.ActiveCfg = Release|Win32
		{759C69A5-2A94-48FF-B227-4C084A493C0C}.Release|Mixed Platforms.ActiveCfg = Release|Win32
		{759C69A5-2A94-48FF-B227-4C084A493C0C}.Release|Mixed Platforms.Build.0 = Release|Win32
		{759C69A5-2A94-48FF-B227-4C084A493C0C}.Release|Win32.ActiveCfg = Release|Win32
		{759C69A5-2A94-48FF-B227-4C084A493C0C}.Release|Win32.Build.0 = Release|Win32
		{759C69A5-2A94-48FF-B227-4C084A493C0C}.发布版本|Any CPU.ActiveCfg = Release|Win32
		{759C69A5-2A94-48FF-B227-4C084A493C0C}.发布版本|Mixed Platforms.ActiveCfg = Release|Win32
		{759C69A5-2A94-48FF-B227-4C084A493C0C}.发布版本|Mixed Platforms.Build.0 = Release|Win32
		{759C69A5-2A94-48FF-B227-4C084A493C0C}.发布版本|Win32.ActiveCfg = Release|Win32
		{759C69A5-2A94-48FF-B227-4C084A493C0C}.发布版本|Win32.Build.0 = Release|Win32
		{FDE79515-195F-4C3F-98EB-FB9D47839D9D}.Debug|Any CPU.ActiveCfg = Debug|Win32
		{FDE79515-195F-4C3F-98EB-FB9D47839D9D}.Debug|Mixed Platforms.ActiveCfg = Debug|Win32
		{FDE79515-195F-4C3F-98EB-FB9D47839D9D}.Debug|Mixed Platforms.Build.0 = Debug|Win32
		{FDE79515-195F-4C3F-98EB-FB9D47839D9D}.Debug|Win32.ActiveCfg = Debug|Win32
		{FDE79515-195F-4C3F-98EB-FB9D47839D9D}.Debug|Win32.Build.0 = Debug|Win32
		{FDE79515-195F-4C3F-98EB-FB9D47839D9D}.Release|Any CPU.ActiveCfg = Release|Win32
		{FDE79515-195F-4C3F-98EB-FB9D47839D9D}.Release|Mixed Platforms.ActiveCfg = Release|Win32
		{FDE79515-195F-4C3F-98EB-FB9D47839D9D}.Release|Mixed Platforms.Build.0 = Release|Win32
		{FDE79515-195F-4C3F-98EB-FB9D47839D9D}.Release|Win32.ActiveCfg = Release|Win32
		{FDE79515-195F-4C3F-98EB-FB9D47839D9D}.Release|Win32.Build.0 = Release|Win32
		{FDE79515-195F-4C3F-98EB-FB9D47839D9D}.发布版本|Any CPU.ActiveCfg = Release|Win32
		{FDE79515-195F-4C3F-98EB-FB9D47839D9D}.发布版本|Mixed Platforms.ActiveCfg = Release|Win32
		{FDE79515-195F-4C3F-98EB-FB9D47839D9D}.发布版本|Mixed Platforms.Build.0 = Release|Win32
		{FDE79515-195F-4C3F-98EB-FB9D47839D9D}.发布版本|Win32.ActiveCfg = Release|Win32
		{FDE79515-195F-4C3F-98EB-FB9D47839D9D}.发布版本|Win32.Build.0 = Release|Win32
		{4E55FA19-3BAB-4229-8819-9EA7873A5E90}.Debug|Any CPU.ActiveCfg = Debug|Any CPU
		{4E55FA19-3BAB-4229-8819-9EA7873A5E90}.Debug|Any CPU.Build.0 = Debug|Any CPU
		{4E55FA19-3BAB-4229-8819-9EA7873A5E90}.Debug|Mixed Platforms.ActiveCfg = Debug|Any CPU
		{4E55FA19-3BAB-4229-8819-9EA7873A5E90}.Debug|Mixed Platforms.Build.0 = Debug|Any CPU
		{4E55FA19-3BAB-4229-8819-9EA7873A5E90}.Debug|Win32.ActiveCfg = Debug|Any CPU
		{4E55FA19-3BAB-4229-8819-9EA7873A5E90}.Release|Any CPU.ActiveCfg = Release|Any CPU
		{4E55FA19-3BAB-4229-8819-9EA7873A5E90}.Release|Any CPU.Build.0 = Release|Any CPU
		{4E55FA19-3BAB-4229-8819-9EA7873A5E90}.Release|Mixed Platforms.ActiveCfg = Release|Any CPU
		{4E55FA19-3BAB-4229-8819-9EA7873A5E90}.Release|Mixed Platforms.Build.0 = Release|Any CPU
		{4E55FA19-3BAB-4229-8819-9EA7873A5E90}.Release|Win32.ActiveCfg = Release|Any CPU
		{4E55FA19-3BAB-4229-8819-9EA7873A5E90}.发布版本|Any CPU.ActiveCfg = Release|Any CPU
		{4E55FA19-3BAB-4229-8819-9EA7873A5E90}.发布版本|Any CPU.Build.0 = Release|Any CPU
		{4E55FA19-3BAB-4229-8819-9EA7873A5E90}.发布版本|Mixed Platforms.ActiveCfg = Release|Any CPU
		{4E55FA19-3BAB-4229-8819-9EA7873A5E90}.发布版本|Mixed Platforms.Build.0 = Release|Any CPU
		{4E55FA19-3BAB-4229-8819-9EA7873A5E90}.发布版本|Win32.ActiveCfg = Release|Any CPU
		{F54DAD0F-570F-45E9-8F9C-61A3BCC4476D}.Debug|Any CPU.ActiveCfg = Debug|Any CPU
		{F54DAD0F-570F-45E9-8F9C-61A3BCC4476D}.Debug|Any CPU.Build.0 = Debug|Any CPU
		{F54DAD0F-570F-45E9-8F9C-61A3BCC4476D}.Debug|Mixed Platforms.ActiveCfg = Debug|Any CPU
		{F54DAD0F-570F-45E9-8F9C-61A3BCC4476D}.Debug|Mixed Platforms.Build.0 = Debug|Any CPU
		{F54DAD0F-570F-45E9-8F9C-61A3BCC4476D}.Debug|Win32.ActiveCfg = Debug|Any CPU
		{F54DAD0F-570F-45E9-8F9C-61A3BCC4476D}.Release|Any CPU.ActiveCfg = Release|Any CPU
		{F54DAD0F-570F-45E9-8F9C-61A3BCC4476D}.Release|Any CPU.Build.0 = Release|Any CPU
		{F54DAD0F-570F-45E9-8F9C-61A3BCC4476D}.Release|Mixed Platforms.ActiveCfg = Release|Any CPU
		{F54DAD0F-570F-45E9-8F9C-61A3BCC4476D}.Release|Mixed Platforms.Build.0 = Release|Any CPU
		{F54DAD0F-570F-45E9-8F9C-61A3BCC4476D}.Release|Win32.ActiveCfg = Release|Any CPU
		{F54DAD0F-570F-45E9-8F9C-61A3BCC4476D}.发布版本|Any CPU.ActiveCfg = 发布版本|Any CPU
		{F54DAD0F-570F-45E9-8F9C-61A3BCC4476D}.发布版本|Any CPU.Build.0 = 发布版本|Any CPU
		{F54DAD0F-570F-45E9-8F9C-61A3BCC4476D}.发布版本|Mixed Platforms.ActiveCfg = 发布版本|Any CPU
		{F54DAD0F-570F-45E9-8F9C-61A3BCC4476D}.发布版本|Mixed Platforms.Build.0 = 发布版本|Any CPU
		{F54DAD0F-570F-45E9-8F9C-61A3BCC4476D}.发布版本|Win32.ActiveCfg = 发布版本|Any CPU
	EndGlobalSection
	GlobalSection(SolutionProperties) = preSolution
		HideSolutionNode = FALSE
	EndGlobalSection
EndGlobal
