<?xml version="1.0" encoding="utf-8"?>
<Project ToolsVersion="4.0" xmlns="http://schemas.microsoft.com/developer/msbuild/2003">
  <ItemGroup>
    <Filter Include="common">
      <UniqueIdentifier>{fbd97599-fae2-4360-946d-ded6915e83bd}</UniqueIdentifier>
    </Filter>
    <Filter Include="common\fastipc">
      <UniqueIdentifier>{f0da27c6-131d-418e-9c0a-ca83f0b193ec}</UniqueIdentifier>
    </Filter>
    <Filter Include="common\util">
      <UniqueIdentifier>{3a172c0e-92f8-4501-91ab-a1b9baab4c8b}</UniqueIdentifier>
    </Filter>
    <Filter Include="common\test">
      <UniqueIdentifier>{95b964a1-621b-4808-85f3-c26174a6487c}</UniqueIdentifier>
    </Filter>
  </ItemGroup>
  <ItemGroup>
    <ClCompile Include="TestFastIPCServer.cpp" />
    <ClCompile Include="..\common\test\ipccom.cpp">
      <Filter>common\test</Filter>
    </ClCompile>
    <ClCompile Include="..\common\test\wincomm.cpp">
      <Filter>common\test</Filter>
    </ClCompile>
  </ItemGroup>
  <ItemGroup>
    <ClInclude Include="..\common\fastipc\Client.h">
      <Filter>common\fastipc</Filter>
    </ClInclude>
    <ClInclude Include="..\common\fastipc\FastIPC.h">
      <Filter>common\fastipc</Filter>
    </ClInclude>
    <ClInclude Include="..\common\fastipc\Server.h">
      <Filter>common\fastipc</Filter>
    </ClInclude>
    <ClInclude Include="..\common\util\StrUtil.h">
      <Filter>common\util</Filter>
    </ClInclude>
    <ClInclude Include="..\common\test\ipccom.h">
      <Filter>common\test</Filter>
    </ClInclude>
  </ItemGroup>
</Project>